
Microsoft Visual Studio Solution File, Format Version 12.00
# Visual Studio Version 16
VisualStudioVersion = 16.0.32630.194
MinimumVisualStudioVersion = 10.0.40219.1
Project("{FAE04EC0-301F-11D3-BF4B-00C04F79EFBC}") = "Delegate", "Delegate\Delegate.csproj", "{79238B5B-BCED-4C53-AB26-1884343D9EDE}"
EndProject
Global
	GlobalSection(SolutionConfigurationPlatforms) = preSolution
		Debug|Any CPU = Debug|Any CPU
		Release|Any CPU = Release|Any CPU
	EndGlobalSection
	GlobalSection(ProjectConfigurationPlatforms) = postSolution
		{79238B5B-BCED-4C53-AB26-1884343D9EDE}.Debug|Any CPU.ActiveCfg = Debug|Any CPU
		{79238B5B-BCED-4C53-AB26-1884343D9EDE}.Debug|Any CPU.Build.0 = Debug|Any CPU
		{79238B5B-BCED-4C53-AB26-1884343D9EDE}.Release|Any CPU.ActiveCfg = Release|Any CPU
		{79238B5B-BCED-4C53-AB26-1884343D9EDE}.Release|Any CPU.Build.0 = Release|Any CPU
	EndGlobalSection
	GlobalSection(SolutionProperties) = preSolution
		HideSolutionNode = FALSE
	EndGlobalSection
	GlobalSection(ExtensibilityGlobals) = postSolution
		SolutionGuid = {93130BB5-6A75-4E97-B5F4-1F2068F72D1F}
	EndGlobalSection
EndGlobal
